---
lockfileVersion: '9.0'

importers:

  .:
    configDependencies: {}
    packageManagerDependencies:
      pnpm:
        specifier: 12.9.1
        version: 12.9.1

packages:

  '@pnpm/exe.android-arm64@12.9.1':
    resolution: {integrity: sha512-Hgm1XdqMTfBC8PdGLL+NjZWv4xyi7D6XNrN9fb24XGYlyTBmUtdCefKnCLmHujShRD8BEO1zqM30SNcKBDLysw==}
    cpu: [arm64]
    os: [android]

  '@pnpm/exe.android-x64@12.9.1':
    resolution: {integrity: sha512-WDGCe6jZRVZP3RC/q6hOkZylkPkIQIi1/GcrR/d/YzbihhAHXCczrk+UYnV5TgbsEnAYO7Cx+2rX3nfhHvy24w==}
    cpu: [x64]
    os: [android]

  '@pnpm/exe.darwin-arm64@12.9.1':
    resolution: {integrity: sha512-+7iiEEBgYN9szPWUnAuN6eOVMTI6Hrki5bcuC9n9xl9tTnT53Tpxpo45Hml+W4IrAU0d+Tmd0sPnVIbX59PD6w==}
    cpu: [arm64]
    os: [darwin]

  '@pnpm/exe.darwin-x64@12.9.1':
    resolution: {integrity: sha512-SK7TxJiR12GbJZGffRFHItkc+Mx+99v6xMMJ9/X//8NwWV1wo17a2bwfGI8qZpl17YwsrmPEFOOqhzE1GIlrtQ==}
    cpu: [x64]
    os: [darwin]

  '@pnpm/exe.freebsd-x64@12.9.1':
    resolution: {integrity: sha512-4AjLk6uvTs2iO6wMit2hcxJ2M32xb7OV5SNFk+w6G8/NzcjcMB7ENEpyeXyLiP0kcnp8uaCGUct2NfrLCJ35eQ==}
    cpu: [x64]
    os: [freebsd]

  '@pnpm/exe.linux-arm64-musl@12.9.1':
    resolution: {integrity: sha512-dZL2ES1ckDWM9v+EtxoOklZ0WNdtayooi9iLiDUubopudX3zXPNR2mlrxBRgjbDgECOndQen2SmyxL5eZiBuKw==}
    cpu: [arm64]
    os: [linux]
    libc: [musl]

  '@pnpm/exe.linux-arm64@12.9.1':
    resolution: {integrity: sha512-cx+uF6xqwEtm7B8NV+1ve0xBg9gcuzQZ5R+0WgOWvKG/h978UljS6BgWs1ipIGuGgUdeVhm3PKmBltXIcczLXA==}
    cpu: [arm64]
    os: [linux]
    libc: [glibc]

  '@pnpm/exe.linux-ppc64@12.9.1':
    resolution: {integrity: sha512-MpjPsy4XR17zAtLziQZfsN+wveWa/bUJggZtwfo3+SuyRmXnSvVkFD4+v8/3RTWyYaM6mwLUTjZDJ+g3urL+ew==}
    cpu: [ppc64]
    os: [linux]
    libc: [glibc]

  '@pnpm/exe.linux-riscv64@12.9.1':
    resolution: {integrity: sha512-Oo67TKqqH+Bno+L6X7Xyorwp1QG82zKIkL0vbo1x2kcPTDiyPbdM+d6lIs4+hzeB1KHT5FDoGzZj2dad7Ft+eg==}
    cpu: [riscv64]
    os: [linux]
    libc: [glibc]

  '@pnpm/exe.linux-s390x@12.9.1':
    resolution: {integrity: sha512-QAD5FRCdW36HfD58BV7DoDm6z8yv+GgSqcUV1+ERwYjpVQuG6ZTpf5o0x3KDas8eTLIW7MLYVdDdlAurWeArEg==}
    cpu: [s390x]
    os: [linux]
    libc: [glibc]

  '@pnpm/exe.linux-x64-musl@12.9.1':
    resolution: {integrity: sha512-mQDhBsGqcTkrLQM4q5igmRFcr6EAl4UM/FGawY+0CWGcqPpUmYUvDy9LHy80xxkHIWVJ886gvvso2XOjfav1Jw==}
    cpu: [x64]
    os: [linux]
    libc: [musl]

  '@pnpm/exe.linux-x64@12.9.1':
    resolution: {integrity: sha512-+M5N74hM4fc87AAckxx/UIW+dUnWf2eko+HchJs/NZUxehLhekNyMI/GNaNXlvd+kWR+97XXBD51XRkkNiUtrA==}
    cpu: [x64]
    os: [linux]
    libc: [glibc]

  '@pnpm/exe.win32-arm64@12.9.1':
    resolution: {integrity: sha512-mI28C2wxobrDi6x1OYhBRyG10hnDq/4sEIyy5RzoX6LB4kLuv6K/d25HOpMwlW20cuM4M72k9NZpOdcmUxMbEA==}
    cpu: [arm64]
    os: [win32]

  '@pnpm/exe.win32-x64@12.9.1':
    resolution: {integrity: sha512-SWoDMT0oD7NrDSIoPpkKD09D9fAQKNjwFZ3lezlCUhAfXxMv70zsfrNT2/P+GoCK2kefXF9OysUZkH1l5vvvfA==}
    cpu: [x64]
    os: [win32]

  pnpm@12.9.1:
    resolution: {integrity: sha512-BrBV//XNINwSeB3hc87TMQzglRvy7GICEaFgRdVETVyTpmMhB2TvKaZTphBFm6A2jw50+E2AxUcjz5Wq57wNbQ==}
    engines: {node: '>=18.*'}
    hasBin: true

snapshots:

  '@pnpm/exe.android-arm64@12.9.1':
    optional: true

  '@pnpm/exe.android-x64@12.9.1':
    optional: true

  '@pnpm/exe.darwin-arm64@12.9.1':
    optional: true

  '@pnpm/exe.darwin-x64@12.9.1':
    optional: true

  '@pnpm/exe.freebsd-x64@12.9.1':
    optional: true

  '@pnpm/exe.linux-arm64-musl@12.9.1':
    optional: true

  '@pnpm/exe.linux-arm64@12.9.1':
    optional: true

  '@pnpm/exe.linux-ppc64@12.9.1':
    optional: true

  '@pnpm/exe.linux-riscv64@12.9.1':
    optional: true

  '@pnpm/exe.linux-s390x@12.9.1':
    optional: true

  '@pnpm/exe.linux-x64-musl@12.9.1':
    optional: true

  '@pnpm/exe.linux-x64@12.9.1':
    optional: true

  '@pnpm/exe.win32-arm64@12.9.1':
    optional: true

  '@pnpm/exe.win32-x64@12.9.1':
    optional: true

  pnpm@12.9.1:
    optionalDependencies:
      '@pnpm/exe.android-arm64': 12.9.1
      '@pnpm/exe.android-x64': 12.9.1
      '@pnpm/exe.darwin-arm64': 12.9.1
      '@pnpm/exe.darwin-x64': 12.9.1
      '@pnpm/exe.freebsd-x64': 12.9.1
      '@pnpm/exe.linux-arm64': 12.9.1
      '@pnpm/exe.linux-arm64-musl': 12.9.1
      '@pnpm/exe.linux-ppc64': 12.9.1
      '@pnpm/exe.linux-riscv64': 12.9.1
      '@pnpm/exe.linux-s390x': 12.9.1
      '@pnpm/exe.linux-x64': 12.9.1
      '@pnpm/exe.linux-x64-musl': 12.9.1
      '@pnpm/exe.win32-arm64': 12.9.1
      '@pnpm/exe.win32-x64': 12.9.1

---
lockfileVersion: '9.0'

settings:
  autoInstallPeers: true
  excludeLinksFromLockfile: false

importers:

  .:
    dependencies:
      '@highlightjs/cdn-assets':
        specifier: 11.12.0
        version: 11.12.0
      '@lydell/node-pty':
        specifier: 1.2.0-beta.15
        version: 1.2.0-beta.15
      '@xterm/addon-fit':
        specifier: 0.11.0
        version: 0.11.0
      '@xterm/addon-serialize':
        specifier: 0.14.0
        version: 0.14.0
      '@xterm/addon-unicode11':
        specifier: 0.9.0
        version: 0.9.0
      '@xterm/addon-webgl':
        specifier: 0.19.0
        version: 0.19.0
      '@xterm/headless':
        specifier: 6.0.0
        version: 6.0.0
      '@xterm/xterm':
        specifier: 6.0.0
        version: 6.0.0
      chokidar:
        specifier: 5.0.0
        version: 5.0.0
      dompurify:
        specifier: 3.4.16
        version: 3.4.16
      impeccable:
        specifier: 4.1.0
        version: 4.1.0
      marked:
        specifier: 18.0.14
        version: 18.0.14
      marked-highlight:
        specifier: 2.2.4
        version: 2.2.4(marked@18.0.14)
      node-notifier:
        specifier: 10.0.1
        version: 10.0.1
      ws:
        specifier: 8.22.0
        version: 8.22.0

packages:

  '@highlightjs/cdn-assets@11.12.0':
    resolution: {integrity: sha512-KvOKXODaiFmId9xaq3xc5xCL66wVLUuOngDbO9B/kewbFTqdGbn2nJxNhN3H5R1cgDTVj6R8vH0zgiNDEGjpDw==}
    engines: {node: '>=12.0.0'}

  '@impeccable/cli-darwin-arm64@0.1.5':
    resolution: {integrity: sha512-RvSrbsvzHsyfVaL693mMiWWLauZXas00F5VrNoaqOUvOm478HJUIUnl77H393F9k9LWZNiNFLwIinRnGJ92naA==}
    cpu: [arm64]
    os: [darwin]
    hasBin: true

  '@impeccable/cli-darwin-x64@0.1.5':
    resolution: {integrity: sha512-wYfhNhVtgosKIjxxWdJ3X/KydASdDIAAdmng8shKUgfiCkY9Tld0psuhVJOdkKoJaRajagp7a2f/tCNN1xdBZA==}
    cpu: [x64]
    os: [darwin]
    hasBin: true

  '@impeccable/cli-linux-arm64@0.1.5':
    resolution: {integrity: sha512-gjWJbOa7/wAECkIOac/x6mq43lDGaGwH87/ErsnrFwk/s5hgtlBF0sPePeB30e/lu1VzGMJcXVUEA8EULv4cCg==}
    cpu: [arm64]
    os: [linux]
    hasBin: true

  '@impeccable/cli-linux-x64@0.1.5':
    resolution: {integrity: sha512-JZU7kd7s4DOz9w2gwbbpI1u3YLhrcAUNZg/awjZcQFHJwpizv/MhPVUjHKYuChrPn+Oxlpw7KU8adKY1YrSq8g==}
    cpu: [x64]
    os: [linux]
    hasBin: true

  '@impeccable/cli-windows-x64@0.1.5':
    resolution: {integrity: sha512-kVZFjQIjb84mF2klxTspxE1OilalO/OmYDQnLkCJeDJCQLr6+L6HvbghJ1TChq87uyMu4GQNDPr9VV+h+Z+tCQ==}
    cpu: [x64]
    os: [win32]
    hasBin: true

  '@lydell/node-pty-darwin-arm64@1.2.0-beta.15':
    resolution: {integrity: sha512-6TSBbzdcLiNTHl1mTuzflqXrkmcC36USVGvERoDgvHk2ItEDaMaFZuAJ1CqPmwYj0DyhCS16TVS8OGK9xZnjyQ==}
    cpu: [arm64]
    os: [darwin]

  '@lydell/node-pty-darwin-x64@1.2.0-beta.15':
    resolution: {integrity: sha512-yDT2oqPqYMBScyuk1U9Rg5VKcrbMOD9o9jWYYamDADA3NSbUISroPChrqYRQ74Y7BQtNH4gqYAiWOZRi5uQZ0Q==}
    cpu: [x64]
    os: [darwin]

  '@lydell/node-pty-linux-arm64@1.2.0-beta.15':
    resolution: {integrity: sha512-wkbNF7dYAmtJv+o2+iztVlNwnUB4B0uX0wh/UD+mwMcmE2gNMnW9GChXO7fEE5XJokD0vB5idiHpGegaN+G/sg==}
    cpu: [arm64]
    os: [linux]

  '@lydell/node-pty-linux-x64@1.2.0-beta.15':
    resolution: {integrity: sha512-+U/5AVvHT6W+8OCYcnJgN0Qgc0ycO3TfD6aaFJHK+WHij797f8gsi5dV1HEO9l6YQmWCD+VL5gaLDhx3mxHwCA==}
    cpu: [x64]
    os: [linux]

  '@lydell/node-pty-win32-arm64@1.2.0-beta.15':
    resolution: {integrity: sha512-pyAk91w7wnnKrD4mrHXtIXRfmzSWV5bEzvRhurXcMCtCc2TJ424ciUskIgWMhAPP6y3KyUnqElj+U6kY3iOt0A==}
    cpu: [arm64]
    os: [win32]

  '@lydell/node-pty-win32-x64@1.2.0-beta.15':
    resolution: {integrity: sha512-2f8twEmDVxZ7drchAXjtevpmSPhFok0avAnzXro4t5gmz0xsPNKkoZvymwtuIS3xo7PzQqZOPQ/YzwEMb7oIzQ==}
    cpu: [x64]
    os: [win32]

  '@lydell/node-pty@1.2.0-beta.15':
    resolution: {integrity: sha512-Br8wBxzbxFwdWgk9uQ+rdzE0xfoxOK4QuGH54swhRwc5IxP6H9Y1/bcyazRGvNUs6XkB5qNVkezuKSRxUwZe7A==}

  '@types/trusted-types@2.0.7':
    resolution: {integrity: sha512-ScaPdn1dQczgbl0QFTeTOmVHFULt394XJgOQNoyVhZ6r2vLnMLJfBPd53SB52T/3G36VI1/g2MZaX0cwDuXsfw==}

  '@xterm/addon-fit@0.11.0':
    resolution: {integrity: sha512-jYcgT6xtVYhnhgxh3QgYDnnNMYTcf8ElbxxFzX0IZo+vabQqSPAjC3c1wJrKB5E19VwQei89QCiZZP86DCPF7g==}

  '@xterm/addon-serialize@0.14.0':
    resolution: {integrity: sha512-uteyTU1EkrQa2Ux6P/uFl2fzmXI46jy5uoQMKEOM0fKTyiW7cSn0WrFenHm5vO5uEXX/GpwW/FgILvv3r0WbkA==}

  '@xterm/addon-unicode11@0.9.0':
    resolution: {integrity: sha512-FxDnYcyuXhNl+XSqGZL/t0U9eiNb/q3EWT5rYkQT/zuig8Gz/VagnQANKHdDWFM2lTMk9ly0EFQxxxtZUoRetw==}

  '@xterm/addon-webgl@0.19.0':
    resolution: {integrity: sha512-b3fMOsyLVuCeNJWxolACEUED0vm7qC0cy4wRvf3oURSzDTYVQiGPhTnhWZwIHdvC48Y+oLhvYXnY4XDXPoJo6A==}

  '@xterm/headless@6.0.0':
    resolution: {integrity: sha512-5Yj1QINYCyzrZtf8OFIHi47iQtI+0qYFPHmouEfG8dHNxbZ9Tb9YGSuLcsEwj9Z+OL75GJqPyJbyoFer80a2Hw==}

  '@xterm/xterm@6.0.0':
    resolution: {integrity: sha512-TQwDdQGtwwDt+2cgKDLn0IRaSxYu1tSUjgKarSDkUM0ZNiSRXFpjxEsvc/Zgc5kq5omJ+V0a8/kIM2WD3sMOYg==}

  chokidar@5.0.0:
    resolution: {integrity: sha512-TQMmc3w+5AxjpL8iIiwebF73dRDF4fBIieAqGn9RGCWaEVwQ6Fb2cGe31Yns0RRIzii5goJ1Y7xbMwo1TxMplw==}
    engines: {node: '>= 20.19.0'}

  dompurify@3.4.16:
    resolution: {integrity: sha512-sqo+pNp3qRhCIpbgRi1y8Tgk27Bo2Ry7w0dC1NBeNTdZChWjz9Xb/KOoZbRP/R6pQZ80Qw8YhXw13hWWBbMRnQ==}

  growly@1.3.0:
    resolution: {integrity: sha512-+xGQY0YyAWCnqy7Cd++hc2JqMYzlm0dG30Jd0beaA64sROr8C4nt8Yc9V5Ro3avlSUDTN0ulqP/VBKi1/lLygw==}

  impeccable@4.1.0:
    resolution: {integrity: sha512-hnfdoUK/Xg3qPtL0/5xzh92qKOtmREOZloCmFgnC1nYh3M81ihwCQEL2QWKntYl8qg1OG+jQ7wubR634PgTDIw==}
    engines: {node: '>=22.18.0'}
    hasBin: true

  is-docker@2.2.1:
    resolution: {integrity: sha512-F+i2BKsFrH66iaUFc0woD8sLy8getkwTwtOBjvs56Cx4CgJDeKQeqfz8wAYiSb8JOprWhHH5p77PbmYCvvUuXQ==}
    engines: {node: '>=8'}
    hasBin: true

  is-wsl@2.2.0:
    resolution: {integrity: sha512-fKzAra0rGJUUBwGBgNkHZuToZcn+TtXHpeCgmkMJMMYx1sQDYaCSyjJBSCa2nH1DGm7s3n1oBnohoVTBaN7Lww==}
    engines: {node: '>=8'}

  isexe@2.0.0:
    resolution: {integrity: sha512-RHxMLp9lnKHGHRng9QFhRCMbYAcVpn69smSGcq3f36xjgVVWThj4qqLbTLlq7Ssj8B+fIQ1EuCEGI2lKsyQeIw==}

  marked-highlight@2.2.4:
    resolution: {integrity: sha512-PZxisNMJDduSjc0q6uvjsnqqHCXc9s0eyzxDO9sB1eNGJnd/H1/Fu+z6g/liC1dfJdFW4SftMwMlLvsBhUPrqQ==}
    peerDependencies:
      marked: '>=4 <19'

  marked@18.0.14:
    resolution: {integrity: sha512-mBHK6FBHuBAlhgRe88w9F0O1AbwwXJUcQibUbC/QcdTbVGAD7aWza+xt3N6oT/jCZx3/OMeS+8rnuiHZcQ9s7A==}
    engines: {node: '>= 20'}
    hasBin: true

  node-notifier@10.0.1:
    resolution: {integrity: sha512-YX7TSyDukOZ0g+gmzjB6abKu+hTGvO8+8+gIFDsRCU2t8fLV/P2unmt+LGFaIa4y64aX98Qksa97rgz4vMNeLQ==}

  readdirp@5.1.1:
    resolution: {integrity: sha512-Kko+Y5XQ6fM+Ce3dq3m9YGxnacYZYl9cA1wZjaF3Vbry2L3i1qVg8+CAgNPsXRArPMUMCaOR7oa9Nqntc43JKA==}
    engines: {node: '>= 20.19.0'}

  semver@7.8.5:
    resolution: {integrity: sha512-Y7/KDsb8LjooZpwaqGyulO6DQlksgCncchHGk+sZIY4SBvUocMBEFH5Ur1fI4dV+Jvl0w6cjvucaIi40puRioA==}
    engines: {node: '>=10'}
    hasBin: true

  shellwords@0.1.1:
    resolution: {integrity: sha512-vFwSUfQvqybiICwZY5+DAWIPLKsWO31Q91JSKl3UYv+K5c2QRPzn0qzec6QPu1Qc9eHYItiP3NdJqNVqetYAww==}

  uuid@8.3.2:
    resolution: {integrity: sha512-+NYs2QeMWy+GWFOEm9xnn6HCDp0l7QBD7ml8zLUmJ+93Q5NF0NocErnwkTkXVFNiX3/fpC6afS8Dhb/gz7R7eg==}
    deprecated: uuid@10 and below is no longer supported.  For ESM codebases, update to uuid@latest.  For CommonJS codebases, use uuid@11 (but be aware this version will likely be deprecated in 2028).
    hasBin: true

  which@2.0.2:
    resolution: {integrity: sha512-BLI3Tl1TW3Pvl70l3yq3Y64i+awpwXqsGBYWkkqMtnbXgrMD+yj7rhW0kuEDxzJaYXGjEW5ogapKNMEKNMjibA==}
    engines: {node: '>= 8'}
    hasBin: true

  ws@8.22.0:
    resolution: {integrity: sha512-Ydggc987+RO0AnWtZ/7Wq9FtNvcrL1b/RO0ud9mWjUPgDrsAAwQSF51sm2hm1XofbU/4jkpGEsLFsZZxU+1DOg==}
    engines: {node: '>=10.0.0'}
    peerDependencies:
      bufferutil: ^4.0.1
      utf-8-validate: '>=5.0.2'
    peerDependenciesMeta:
      bufferutil:
        optional: true
      utf-8-validate:
        optional: true

snapshots:

  '@highlightjs/cdn-assets@11.12.0': {}

  '@impeccable/cli-darwin-arm64@0.1.5':
    optional: true

  '@impeccable/cli-darwin-x64@0.1.5':
    optional: true

  '@impeccable/cli-linux-arm64@0.1.5':
    optional: true

  '@impeccable/cli-linux-x64@0.1.5':
    optional: true

  '@impeccable/cli-windows-x64@0.1.5':
    optional: true

  '@lydell/node-pty-darwin-arm64@1.2.0-beta.15':
    optional: true

  '@lydell/node-pty-darwin-x64@1.2.0-beta.15':
    optional: true

  '@lydell/node-pty-linux-arm64@1.2.0-beta.15':
    optional: true

  '@lydell/node-pty-linux-x64@1.2.0-beta.15':
    optional: true

  '@lydell/node-pty-win32-arm64@1.2.0-beta.15':
    optional: true

  '@lydell/node-pty-win32-x64@1.2.0-beta.15':
    optional: true

  '@lydell/node-pty@1.2.0-beta.15':
    optionalDependencies:
      '@lydell/node-pty-darwin-arm64': 1.2.0-beta.15
      '@lydell/node-pty-darwin-x64': 1.2.0-beta.15
      '@lydell/node-pty-linux-arm64': 1.2.0-beta.15
      '@lydell/node-pty-linux-x64': 1.2.0-beta.15
      '@lydell/node-pty-win32-arm64': 1.2.0-beta.15
      '@lydell/node-pty-win32-x64': 1.2.0-beta.15

  '@types/trusted-types@2.0.7':
    optional: true

  '@xterm/addon-fit@0.11.0': {}

  '@xterm/addon-serialize@0.14.0': {}

  '@xterm/addon-unicode11@0.9.0': {}

  '@xterm/addon-webgl@0.19.0': {}

  '@xterm/headless@6.0.0': {}

  '@xterm/xterm@6.0.0': {}

  chokidar@5.0.0:
    dependencies:
      readdirp: 5.1.1

  dompurify@3.4.16:
    optionalDependencies:
      '@types/trusted-types': 2.0.7

  growly@1.3.0: {}

  impeccable@4.1.0:
    optionalDependencies:
      '@impeccable/cli-darwin-arm64': 0.1.5
      '@impeccable/cli-darwin-x64': 0.1.5
      '@impeccable/cli-linux-arm64': 0.1.5
      '@impeccable/cli-linux-x64': 0.1.5
      '@impeccable/cli-windows-x64': 0.1.5

  is-docker@2.2.1: {}

  is-wsl@2.2.0:
    dependencies:
      is-docker: 2.2.1

  isexe@2.0.0: {}

  marked-highlight@2.2.4(marked@18.0.14):
    dependencies:
      marked: 18.0.14

  marked@18.0.14: {}

  node-notifier@10.0.1:
    dependencies:
      growly: 1.3.0
      is-wsl: 2.2.0
      semver: 7.8.5
      shellwords: 0.1.1
      uuid: 8.3.2
      which: 2.0.2

  readdirp@5.1.1: {}

  semver@7.8.5: {}

  shellwords@0.1.1: {}

  uuid@8.3.2: {}

  which@2.0.2:
    dependencies:
      isexe: 2.0.0

  ws@8.22.0: {}
